
Microsoft Visual Studio Solution File, Format Version 12.00
# Visual Studio 15
VisualStudioVersion = 15.0.28307.1022
MinimumVisualStudioVersion = 10.0.40219.1
Project("{8BC9CEB8-8B4A-11D0-8D11-00A0C91BC942}") = "Starter", "Starter.vcxproj", "{FADA2E50-FE3F-4866-BBED-CA7DED2224B6}"
EndProject
Global
	GlobalSection(SolutionConfigurationPlatforms) = preSolution
		Debug|x86 = Debug|x86
		Release|x86 = Release|x86
		Template|x86 = Template|x86
	EndGlobalSection
	GlobalSection(ProjectConfigurationPlatforms) = postSolution
		{FADA2E50-FE3F-4866-BBED-CA7DED2224B6}.Debug|x86.ActiveCfg = Debug|Win32
		{FADA2E50-FE3F-4866-BBED-CA7DED2224B6}.Debug|x86.Build.0 = Debug|Win32
		{FADA2E50-FE3F-4866-BBED-CA7DED2224B6}.Release|x86.ActiveCfg = Release|Win32
		{FADA2E50-FE3F-4866-BBED-CA7DED2224B6}.Release|x86.Build.0 = Release|Win32
		{FADA2E50-FE3F-4866-BBED-CA7DED2224B6}.Template|x86.ActiveCfg = Template|Win32
		{FADA2E50-FE3F-4866-BBED-CA7DED2224B6}.Template|x86.Build.0 = Template|Win32
	EndGlobalSection
	GlobalSection(SolutionProperties) = preSolution
		HideSolutionNode = FALSE
	EndGlobalSection
	GlobalSection(ExtensibilityGlobals) = postSolution
		SolutionGuid = {9860BADB-A1A3-40A9-8D0E-EFEC60826BAC}
	EndGlobalSection
EndGlobal
